
Microsoft Visual Studio Solution File, Format Version 12.00
# Visual Studio 2010
Project("{2150E333-8FDC-42A3-9474-1A3956D46DE8}") = "Solution Items", "Solution Items", "{E15A0BBF-AB50-4EFA-A420-12B19A3CD018}"
	ProjectSection(SolutionItems) = preProject
		..\SQL Script\Data Update Sql.sql = ..\SQL Script\Data Update Sql.sql
		..\SQL Script\DB Update Sql.sql = ..\SQL Script\DB Update Sql.sql
		..\SQL Script\Init_SYS_Permission.sql = ..\SQL Script\Init_SYS_Permission.sql
		..\SQL Script\Inti_ACC_PermissionCategory.sql = ..\SQL Script\Inti_ACC_PermissionCategory.sql
		..\SQL Script\Inti_ACC_PermissionGroup.sql = ..\SQL Script\Inti_ACC_PermissionGroup.sql
		..\SQL Script\Inti_ACC_User.sql = ..\SQL Script\Inti_ACC_User.sql
		..\SQL Script\Inti_SYS_CodeDet.sql = ..\SQL Script\Inti_SYS_CodeDet.sql
		..\SQL Script\Inti_SYS_CodeMstr.sql = ..\SQL Script\Inti_SYS_CodeMstr.sql
		..\SQL Script\Inti_SYS_EntityPreference.sql = ..\SQL Script\Inti_SYS_EntityPreference.sql
		..\SQL Script\Inti_SYS_Menu.sql = ..\SQL Script\Inti_SYS_Menu.sql
		Local.testsettings = Local.testsettings
		Sconit.WebApp.5.0.0.vsmdi = Sconit.WebApp.5.0.0.vsmdi
		TraceAndTestImpact.testsettings = TraceAndTestImpact.testsettings
	EndProjectSection
EndProject
Project("{FAE04EC0-301F-11D3-BF4B-00C04F79EFBC}") = "WebApp", "WebApp\WebApp.csproj", "{F5674FC2-E21E-45EF-9380-91A63ECB8FF8}"
	ProjectSection(ProjectDependencies) = postProject
		{CC3B1860-71A0-4225-919F-9A7DBAD397CC} = {CC3B1860-71A0-4225-919F-9A7DBAD397CC}
	EndProjectSection
EndProject
Project("{FAE04EC0-301F-11D3-BF4B-00C04F79EFBC}") = "Globalization", "..\Globalization\Globalization.csproj", "{5907015A-4BEC-482D-B4C4-5413E7EE0068}"
EndProject
Project("{FAE04EC0-301F-11D3-BF4B-00C04F79EFBC}") = "Entity", "..\Core.5.0.0\Entity\Entity.csproj", "{E4710EAE-2F94-423E-BD3E-258E054714AE}"
EndProject
Project("{FAE04EC0-301F-11D3-BF4B-00C04F79EFBC}") = "Service", "..\Core.5.0.0\Service\Service.csproj", "{C404091C-8C1D-42BE-BA63-919BB8B5900A}"
EndProject
Project("{FAE04EC0-301F-11D3-BF4B-00C04F79EFBC}") = "Utility", "..\Core.5.0.0\Util\Utility.csproj", "{3617942C-4554-4B04-927C-5D5AF677D262}"
EndProject
Project("{FAE04EC0-301F-11D3-BF4B-00C04F79EFBC}") = "Persistence", "..\Core.5.0.0\Persistence\Persistence.csproj", "{A2297BAC-3184-4A1C-AE14-2D439F54B699}"
EndProject
Project("{FAE04EC0-301F-11D3-BF4B-00C04F79EFBC}") = "Entity.SI", "..\SI.5.0.0\Entity.SI\Entity.SI.csproj", "{2CC4B70A-A63A-4896-A382-5768913DC359}"
EndProject
Project("{FAE04EC0-301F-11D3-BF4B-00C04F79EFBC}") = "Service.SI", "..\SI.5.0.0\Service.SI\Service.SI.csproj", "{3A94E8A3-6ED2-4BEB-9816-EE24510F6FC3}"
EndProject
Project("{FAE04EC0-301F-11D3-BF4B-00C04F79EFBC}") = "WebService", "..\Core.5.0.0\WebService\WebService.csproj", "{3536D590-4AA5-4681-BD46-20C182652197}"
EndProject
Project("{FAE04EC0-301F-11D3-BF4B-00C04F79EFBC}") = "LeanEngine", "..\LeanEngine.5.0.0\LeanEngine\LeanEngine.csproj", "{CC3B1860-71A0-4225-919F-9A7DBAD397CC}"
EndProject
Global
	GlobalSection(PowerDesigner) = preSolution
		HasSWS = 1
	EndGlobalSection
	GlobalSection(TestCaseManagementSettings) = postSolution
		CategoryFile = Sconit.WebApp.5.0.0.vsmdi
	EndGlobalSection
	GlobalSection(SolutionConfigurationPlatforms) = preSolution
		Debug|Any CPU = Debug|Any CPU
		Debug|Mixed Platforms = Debug|Mixed Platforms
		Debug|x64 = Debug|x64
		Debug|x86 = Debug|x86
		Release|Any CPU = Release|Any CPU
		Release|Mixed Platforms = Release|Mixed Platforms
		Release|x64 = Release|x64
		Release|x86 = Release|x86
	EndGlobalSection
	GlobalSection(ProjectConfigurationPlatforms) = postSolution
		{F5674FC2-E21E-45EF-9380-91A63ECB8FF8}.Debug|Any CPU.ActiveCfg = Debug|Any CPU
		{F5674FC2-E21E-45EF-9380-91A63ECB8FF8}.Debug|Any CPU.Build.0 = Debug|Any CPU
		{F5674FC2-E21E-45EF-9380-91A63ECB8FF8}.Debug|Mixed Platforms.ActiveCfg = Debug|Any CPU
		{F5674FC2-E21E-45EF-9380-91A63ECB8FF8}.Debug|Mixed Platforms.Build.0 = Debug|Any CPU
		{F5674FC2-E21E-45EF-9380-91A63ECB8FF8}.Debug|x64.ActiveCfg = Debug|x64
		{F5674FC2-E21E-45EF-9380-91A63ECB8FF8}.Debug|x64.Build.0 = Debug|x64
		{F5674FC2-E21E-45EF-9380-91A63ECB8FF8}.Debug|x86.ActiveCfg = Debug|Any CPU
		{F5674FC2-E21E-45EF-9380-91A63ECB8FF8}.Release|Any CPU.ActiveCfg = Release|Any CPU
		{F5674FC2-E21E-45EF-9380-91A63ECB8FF8}.Release|Any CPU.Build.0 = Release|Any CPU
		{F5674FC2-E21E-45EF-9380-91A63ECB8FF8}.Release|Mixed Platforms.ActiveCfg = Release|Any CPU
		{F5674FC2-E21E-45EF-9380-91A63ECB8FF8}.Release|Mixed Platforms.Build.0 = Release|Any CPU
		{F5674FC2-E21E-45EF-9380-91A63ECB8FF8}.Release|x64.ActiveCfg = Release|x64
		{F5674FC2-E21E-45EF-9380-91A63ECB8FF8}.Release|x64.Build.0 = Release|x64
		{F5674FC2-E21E-45EF-9380-91A63ECB8FF8}.Release|x86.ActiveCfg = Release|Any CPU
		{5907015A-4BEC-482D-B4C4-5413E7EE0068}.Debug|Any CPU.ActiveCfg = Debug|Any CPU
		{5907015A-4BEC-482D-B4C4-5413E7EE0068}.Debug|Any CPU.Build.0 = Debug|Any CPU
		{5907015A-4BEC-482D-B4C4-5413E7EE0068}.Debug|Mixed Platforms.ActiveCfg = Debug|Any CPU
		{5907015A-4BEC-482D-B4C4-5413E7EE0068}.Debug|Mixed Platforms.Build.0 = Debug|Any CPU
		{5907015A-4BEC-482D-B4C4-5413E7EE0068}.Debug|x64.ActiveCfg = Debug|x64
		{5907015A-4BEC-482D-B4C4-5413E7EE0068}.Debug|x64.Build.0 = Debug|x64
		{5907015A-4BEC-482D-B4C4-5413E7EE0068}.Debug|x86.ActiveCfg = Debug|Any CPU
		{5907015A-4BEC-482D-B4C4-5413E7EE0068}.Release|Any CPU.ActiveCfg = Release|Any CPU
		{5907015A-4BEC-482D-B4C4-5413E7EE0068}.Release|Any CPU.Build.0 = Release|Any CPU
		{5907015A-4BEC-482D-B4C4-5413E7EE0068}.Release|Mixed Platforms.ActiveCfg = Release|Any CPU
		{5907015A-4BEC-482D-B4C4-5413E7EE0068}.Release|Mixed Platforms.Build.0 = Release|Any CPU
		{5907015A-4BEC-482D-B4C4-5413E7EE0068}.Release|x64.ActiveCfg = Release|x64
		{5907015A-4BEC-482D-B4C4-5413E7EE0068}.Release|x64.Build.0 = Release|x64
		{5907015A-4BEC-482D-B4C4-5413E7EE0068}.Release|x86.ActiveCfg = Release|Any CPU
		{E4710EAE-2F94-423E-BD3E-258E054714AE}.Debug|Any CPU.ActiveCfg = Debug|Any CPU
		{E4710EAE-2F94-423E-BD3E-258E054714AE}.Debug|Any CPU.Build.0 = Debug|Any CPU
		{E4710EAE-2F94-423E-BD3E-258E054714AE}.Debug|Mixed Platforms.ActiveCfg = Debug|Any CPU
		{E4710EAE-2F94-423E-BD3E-258E054714AE}.Debug|Mixed Platforms.Build.0 = Debug|Any CPU
		{E4710EAE-2F94-423E-BD3E-258E054714AE}.Debug|x64.ActiveCfg = Debug|x64
		{E4710EAE-2F94-423E-BD3E-258E054714AE}.Debug|x64.Build.0 = Debug|x64
		{E4710EAE-2F94-423E-BD3E-258E054714AE}.Debug|x86.ActiveCfg = Debug|Any CPU
		{E4710EAE-2F94-423E-BD3E-258E054714AE}.Release|Any CPU.ActiveCfg = Release|Any CPU
		{E4710EAE-2F94-423E-BD3E-258E054714AE}.Release|Any CPU.Build.0 = Release|Any CPU
		{E4710EAE-2F94-423E-BD3E-258E054714AE}.Release|Mixed Platforms.ActiveCfg = Release|Any CPU
		{E4710EAE-2F94-423E-BD3E-258E054714AE}.Release|Mixed Platforms.Build.0 = Release|Any CPU
		{E4710EAE-2F94-423E-BD3E-258E054714AE}.Release|x64.ActiveCfg = Release|x64
		{E4710EAE-2F94-423E-BD3E-258E054714AE}.Release|x64.Build.0 = Release|x64
		{E4710EAE-2F94-423E-BD3E-258E054714AE}.Release|x86.ActiveCfg = Release|Any CPU
		{C404091C-8C1D-42BE-BA63-919BB8B5900A}.Debug|Any CPU.ActiveCfg = Debug|Any CPU
		{C404091C-8C1D-42BE-BA63-919BB8B5900A}.Debug|Any CPU.Build.0 = Debug|Any CPU
		{C404091C-8C1D-42BE-BA63-919BB8B5900A}.Debug|Mixed Platforms.ActiveCfg = Debug|Any CPU
		{C404091C-8C1D-42BE-BA63-919BB8B5900A}.Debug|Mixed Platforms.Build.0 = Debug|Any CPU
		{C404091C-8C1D-42BE-BA63-919BB8B5900A}.Debug|x64.ActiveCfg = Debug|x64
		{C404091C-8C1D-42BE-BA63-919BB8B5900A}.Debug|x64.Build.0 = Debug|x64
		{C404091C-8C1D-42BE-BA63-919BB8B5900A}.Debug|x86.ActiveCfg = Debug|Any CPU
		{C404091C-8C1D-42BE-BA63-919BB8B5900A}.Release|Any CPU.ActiveCfg = Release|Any CPU
		{C404091C-8C1D-42BE-BA63-919BB8B5900A}.Release|Any CPU.Build.0 = Release|Any CPU
		{C404091C-8C1D-42BE-BA63-919BB8B5900A}.Release|Mixed Platforms.ActiveCfg = Release|Any CPU
		{C404091C-8C1D-42BE-BA63-919BB8B5900A}.Release|Mixed Platforms.Build.0 = Release|Any CPU
		{C404091C-8C1D-42BE-BA63-919BB8B5900A}.Release|x64.ActiveCfg = Release|x64
		{C404091C-8C1D-42BE-BA63-919BB8B5900A}.Release|x64.Build.0 = Release|x64
		{C404091C-8C1D-42BE-BA63-919BB8B5900A}.Release|x86.ActiveCfg = Release|Any CPU
		{3617942C-4554-4B04-927C-5D5AF677D262}.Debug|Any CPU.ActiveCfg = Debug|Any CPU
		{3617942C-4554-4B04-927C-5D5AF677D262}.Debug|Any CPU.Build.0 = Debug|Any CPU
		{3617942C-4554-4B04-927C-5D5AF677D262}.Debug|Mixed Platforms.ActiveCfg = Debug|Any CPU
		{3617942C-4554-4B04-927C-5D5AF677D262}.Debug|Mixed Platforms.Build.0 = Debug|Any CPU
		{3617942C-4554-4B04-927C-5D5AF677D262}.Debug|x64.ActiveCfg = Debug|x64
		{3617942C-4554-4B04-927C-5D5AF677D262}.Debug|x64.Build.0 = Debug|x64
		{3617942C-4554-4B04-927C-5D5AF677D262}.Debug|x86.ActiveCfg = Debug|Any CPU
		{3617942C-4554-4B04-927C-5D5AF677D262}.Release|Any CPU.ActiveCfg = Release|Any CPU
		{3617942C-4554-4B04-927C-5D5AF677D262}.Release|Any CPU.Build.0 = Release|Any CPU
		{3617942C-4554-4B04-927C-5D5AF677D262}.Release|Mixed Platforms.ActiveCfg = Release|Any CPU
		{3617942C-4554-4B04-927C-5D5AF677D262}.Release|Mixed Platforms.Build.0 = Release|Any CPU
		{3617942C-4554-4B04-927C-5D5AF677D262}.Release|x64.ActiveCfg = Release|x64
		{3617942C-4554-4B04-927C-5D5AF677D262}.Release|x64.Build.0 = Release|x64
		{3617942C-4554-4B04-927C-5D5AF677D262}.Release|x86.ActiveCfg = Release|Any CPU
		{A2297BAC-3184-4A1C-AE14-2D439F54B699}.Debug|Any CPU.ActiveCfg = Debug|Any CPU
		{A2297BAC-3184-4A1C-AE14-2D439F54B699}.Debug|Any CPU.Build.0 = Debug|Any CPU
		{A2297BAC-3184-4A1C-AE14-2D439F54B699}.Debug|Mixed Platforms.ActiveCfg = Debug|Any CPU
		{A2297BAC-3184-4A1C-AE14-2D439F54B699}.Debug|Mixed Platforms.Build.0 = Debug|Any CPU
		{A2297BAC-3184-4A1C-AE14-2D439F54B699}.Debug|x64.ActiveCfg = Debug|x64
		{A2297BAC-3184-4A1C-AE14-2D439F54B699}.Debug|x64.Build.0 = Debug|x64
		{A2297BAC-3184-4A1C-AE14-2D439F54B699}.Debug|x86.ActiveCfg = Debug|Any CPU
		{A2297BAC-3184-4A1C-AE14-2D439F54B699}.Release|Any CPU.ActiveCfg = Release|Any CPU
		{A2297BAC-3184-4A1C-AE14-2D439F54B699}.Release|Any CPU.Build.0 = Release|Any CPU
		{A2297BAC-3184-4A1C-AE14-2D439F54B699}.Release|Mixed Platforms.ActiveCfg = Release|Any CPU
		{A2297BAC-3184-4A1C-AE14-2D439F54B699}.Release|Mixed Platforms.Build.0 = Release|Any CPU
		{A2297BAC-3184-4A1C-AE14-2D439F54B699}.Release|x64.ActiveCfg = Release|x64
		{A2297BAC-3184-4A1C-AE14-2D439F54B699}.Release|x64.Build.0 = Release|x64
		{A2297BAC-3184-4A1C-AE14-2D439F54B699}.Release|x86.ActiveCfg = Release|Any CPU
		{2CC4B70A-A63A-4896-A382-5768913DC359}.Debug|Any CPU.ActiveCfg = Debug|Any CPU
		{2CC4B70A-A63A-4896-A382-5768913DC359}.Debug|Any CPU.Build.0 = Debug|Any CPU
		{2CC4B70A-A63A-4896-A382-5768913DC359}.Debug|Mixed Platforms.ActiveCfg = Debug|Any CPU
		{2CC4B70A-A63A-4896-A382-5768913DC359}.Debug|Mixed Platforms.Build.0 = Debug|Any CPU
		{2CC4B70A-A63A-4896-A382-5768913DC359}.Debug|x64.ActiveCfg = Debug|x64
		{2CC4B70A-A63A-4896-A382-5768913DC359}.Debug|x64.Build.0 = Debug|x64
		{2CC4B70A-A63A-4896-A382-5768913DC359}.Debug|x86.ActiveCfg = Debug|Any CPU
		{2CC4B70A-A63A-4896-A382-5768913DC359}.Release|Any CPU.ActiveCfg = Release|Any CPU
		{2CC4B70A-A63A-4896-A382-5768913DC359}.Release|Any CPU.Build.0 = Release|Any CPU
		{2CC4B70A-A63A-4896-A382-5768913DC359}.Release|Mixed Platforms.ActiveCfg = Release|Any CPU
		{2CC4B70A-A63A-4896-A382-5768913DC359}.Release|Mixed Platforms.Build.0 = Release|Any CPU
		{2CC4B70A-A63A-4896-A382-5768913DC359}.Release|x64.ActiveCfg = Release|x64
		{2CC4B70A-A63A-4896-A382-5768913DC359}.Release|x64.Build.0 = Release|x64
		{2CC4B70A-A63A-4896-A382-5768913DC359}.Release|x86.ActiveCfg = Release|Any CPU
		{3A94E8A3-6ED2-4BEB-9816-EE24510F6FC3}.Debug|Any CPU.ActiveCfg = Debug|Any CPU
		{3A94E8A3-6ED2-4BEB-9816-EE24510F6FC3}.Debug|Any CPU.Build.0 = Debug|Any CPU
		{3A94E8A3-6ED2-4BEB-9816-EE24510F6FC3}.Debug|Mixed Platforms.ActiveCfg = Debug|Any CPU
		{3A94E8A3-6ED2-4BEB-9816-EE24510F6FC3}.Debug|Mixed Platforms.Build.0 = Debug|Any CPU
		{3A94E8A3-6ED2-4BEB-9816-EE24510F6FC3}.Debug|x64.ActiveCfg = Debug|x64
		{3A94E8A3-6ED2-4BEB-9816-EE24510F6FC3}.Debug|x86.ActiveCfg = Debug|x86
		{3A94E8A3-6ED2-4BEB-9816-EE24510F6FC3}.Debug|x86.Build.0 = Debug|x86
		{3A94E8A3-6ED2-4BEB-9816-EE24510F6FC3}.Release|Any CPU.ActiveCfg = Release|Any CPU
		{3A94E8A3-6ED2-4BEB-9816-EE24510F6FC3}.Release|Any CPU.Build.0 = Release|Any CPU
		{3A94E8A3-6ED2-4BEB-9816-EE24510F6FC3}.Release|Mixed Platforms.ActiveCfg = Release|Any CPU
		{3A94E8A3-6ED2-4BEB-9816-EE24510F6FC3}.Release|Mixed Platforms.Build.0 = Release|Any CPU
		{3A94E8A3-6ED2-4BEB-9816-EE24510F6FC3}.Release|x64.ActiveCfg = Release|x64
		{3A94E8A3-6ED2-4BEB-9816-EE24510F6FC3}.Release|x86.ActiveCfg = Release|x86
		{3A94E8A3-6ED2-4BEB-9816-EE24510F6FC3}.Release|x86.Build.0 = Release|x86
		{3536D590-4AA5-4681-BD46-20C182652197}.Debug|Any CPU.ActiveCfg = Debug|Any CPU
		{3536D590-4AA5-4681-BD46-20C182652197}.Debug|Any CPU.Build.0 = Debug|Any CPU
		{3536D590-4AA5-4681-BD46-20C182652197}.Debug|Mixed Platforms.ActiveCfg = Debug|Any CPU
		{3536D590-4AA5-4681-BD46-20C182652197}.Debug|Mixed Platforms.Build.0 = Debug|Any CPU
		{3536D590-4AA5-4681-BD46-20C182652197}.Debug|x64.ActiveCfg = Debug|x64
		{3536D590-4AA5-4681-BD46-20C182652197}.Debug|x64.Build.0 = Debug|x64
		{3536D590-4AA5-4681-BD46-20C182652197}.Debug|x86.ActiveCfg = Debug|Any CPU
		{3536D590-4AA5-4681-BD46-20C182652197}.Release|Any CPU.ActiveCfg = Release|Any CPU
		{3536D590-4AA5-4681-BD46-20C182652197}.Release|Any CPU.Build.0 = Release|Any CPU
		{3536D590-4AA5-4681-BD46-20C182652197}.Release|Mixed Platforms.ActiveCfg = Release|Any CPU
		{3536D590-4AA5-4681-BD46-20C182652197}.Release|Mixed Platforms.Build.0 = Release|Any CPU
		{3536D590-4AA5-4681-BD46-20C182652197}.Release|x64.ActiveCfg = Release|x64
		{3536D590-4AA5-4681-BD46-20C182652197}.Release|x64.Build.0 = Release|x64
		{3536D590-4AA5-4681-BD46-20C182652197}.Release|x86.ActiveCfg = Release|Any CPU
		{CC3B1860-71A0-4225-919F-9A7DBAD397CC}.Debug|Any CPU.ActiveCfg = Debug|Any CPU
		{CC3B1860-71A0-4225-919F-9A7DBAD397CC}.Debug|Any CPU.Build.0 = Debug|Any CPU
		{CC3B1860-71A0-4225-919F-9A7DBAD397CC}.Debug|Mixed Platforms.ActiveCfg = Debug|Any CPU
		{CC3B1860-71A0-4225-919F-9A7DBAD397CC}.Debug|Mixed Platforms.Build.0 = Debug|Any CPU
		{CC3B1860-71A0-4225-919F-9A7DBAD397CC}.Debug|x64.ActiveCfg = Debug|Any CPU
		{CC3B1860-71A0-4225-919F-9A7DBAD397CC}.Debug|x86.ActiveCfg = Debug|Any CPU
		{CC3B1860-71A0-4225-919F-9A7DBAD397CC}.Release|Any CPU.ActiveCfg = Release|Any CPU
		{CC3B1860-71A0-4225-919F-9A7DBAD397CC}.Release|Any CPU.Build.0 = Release|Any CPU
		{CC3B1860-71A0-4225-919F-9A7DBAD397CC}.Release|Mixed Platforms.ActiveCfg = Release|Any CPU
		{CC3B1860-71A0-4225-919F-9A7DBAD397CC}.Release|Mixed Platforms.Build.0 = Release|Any CPU
		{CC3B1860-71A0-4225-919F-9A7DBAD397CC}.Release|x64.ActiveCfg = Release|Any CPU
		{CC3B1860-71A0-4225-919F-9A7DBAD397CC}.Release|x86.ActiveCfg = Release|Any CPU
	EndGlobalSection
	GlobalSection(SolutionProperties) = preSolution
		HideSolutionNode = FALSE
	EndGlobalSection
EndGlobal
